{
  "requires": true,
  "lockfileVersion": 1,
  "dependencies": {
    "react-icons": {
      "version": "4.10.1",
      "resolved": "https://registry.npmjs.org/react-icons/-/react-icons-4.10.1.tgz",
      "integrity": "sha512-/ngzDP/77tlCfqthiiGNZeYFACw85fUjZtLbedmJ5DTlNDIwETxhwBzdOJ21zj4iJdvc0J3y7yOsX3PpxAJzrw=="
    },
    "reactjs-popup": {
      "version": "2.0.5",
      "resolved": "https://registry.npmjs.org/reactjs-popup/-/reactjs-popup-2.0.5.tgz",
      "integrity": "sha512-b5hv9a6aGsHEHXFAgPO5s1Jw1eSkopueyUVxQewGdLgqk2eW0IVXZrPRpHR629YcgIpC2oxtX8OOZ8a7bQJbxA=="
    }
  }
}
